
Microsoft Visual Studio Solution File, Format Version 12.00
# Visual Studio Version 16
VisualStudioVersion = 16.0.32002.261
MinimumVisualStudioVersion = 10.0.40219.1
Project("{9A19103F-16F7-4668-BE54-9A1E7A4F7556}") = "IngTransactions", "IngTransactions\IngTransactions.csproj", "{57809C43-4153-45C4-93DF-4B88FE538242}"
EndProject
Project("{9A19103F-16F7-4668-BE54-9A1E7A4F7556}") = "DAL", "DAL\DAL.csproj", "{7EA3F79D-103F-417F-B389-C9CC887174A4}"
EndProject
Project("{FAE04EC0-301F-11D3-BF4B-00C04F79EFBC}") = "TestProject", "TestProject\TestProject.csproj", "{00B2834C-F89D-4329-8716-FE8D44B04AD8}"
EndProject
Global
	GlobalSection(SolutionConfigurationPlatforms) = preSolution
		Debug|Any CPU = Debug|Any CPU
		Release|Any CPU = Release|Any CPU
	EndGlobalSection
	GlobalSection(ProjectConfigurationPlatforms) = postSolution
		{57809C43-4153-45C4-93DF-4B88FE538242}.Debug|Any CPU.ActiveCfg = Debug|Any CPU
		{57809C43-4153-45C4-93DF-4B88FE538242}.Debug|Any CPU.Build.0 = Debug|Any CPU
		{57809C43-4153-45C4-93DF-4B88FE538242}.Release|Any CPU.ActiveCfg = Release|Any CPU
		{57809C43-4153-45C4-93DF-4B88FE538242}.Release|Any CPU.Build.0 = Release|Any CPU
		{7EA3F79D-103F-417F-B389-C9CC887174A4}.Debug|Any CPU.ActiveCfg = Debug|Any CPU
		{7EA3F79D-103F-417F-B389-C9CC887174A4}.Debug|Any CPU.Build.0 = Debug|Any CPU
		{7EA3F79D-103F-417F-B389-C9CC887174A4}.Release|Any CPU.ActiveCfg = Release|Any CPU
		{7EA3F79D-103F-417F-B389-C9CC887174A4}.Release|Any CPU.Build.0 = Release|Any CPU
		{00B2834C-F89D-4329-8716-FE8D44B04AD8}.Debug|Any CPU.ActiveCfg = Debug|Any CPU
		{00B2834C-F89D-4329-8716-FE8D44B04AD8}.Debug|Any CPU.Build.0 = Debug|Any CPU
		{00B2834C-F89D-4329-8716-FE8D44B04AD8}.Release|Any CPU.ActiveCfg = Release|Any CPU
		{00B2834C-F89D-4329-8716-FE8D44B04AD8}.Release|Any CPU.Build.0 = Release|Any CPU
	EndGlobalSection
	GlobalSection(SolutionProperties) = preSolution
		HideSolutionNode = FALSE
	EndGlobalSection
	GlobalSection(ExtensibilityGlobals) = postSolution
		SolutionGuid = {04AAC393-B8FD-4B63-8984-2619CB5D4A7F}
	EndGlobalSection
EndGlobal
